
Microsoft Visual Studio Solution File, Format Version 12.00
# Visual Studio Version 16
VisualStudioVersion = 16.0.31624.102
MinimumVisualStudioVersion = 10.0.40219.1
Project("{FAE04EC0-301F-11D3-BF4B-00C04F79EFBC}") = "MoneyApp", "MoneyApp.csproj", "{B3E6AB01-8372-46D2-BD32-8BE0ADEB0F9A}"
EndProject
Global
	GlobalSection(SolutionConfigurationPlatforms) = preSolution
		Debug|Any CPU = Debug|Any CPU
		Release|Any CPU = Release|Any CPU
	EndGlobalSection
	GlobalSection(ProjectConfigurationPlatforms) = postSolution
		{B3E6AB01-8372-46D2-BD32-8BE0ADEB0F9A}.Debug|Any CPU.ActiveCfg = Debug|Any CPU
		{B3E6AB01-8372-46D2-BD32-8BE0ADEB0F9A}.Debug|Any CPU.Build.0 = Debug|Any CPU
		{B3E6AB01-8372-46D2-BD32-8BE0ADEB0F9A}.Debug|Any CPU.Deploy.0 = Debug|Any CPU
		{B3E6AB01-8372-46D2-BD32-8BE0ADEB0F9A}.Release|Any CPU.ActiveCfg = Release|Any CPU
		{B3E6AB01-8372-46D2-BD32-8BE0ADEB0F9A}.Release|Any CPU.Build.0 = Release|Any CPU
		{B3E6AB01-8372-46D2-BD32-8BE0ADEB0F9A}.Release|Any CPU.Deploy.0 = Release|Any CPU
	EndGlobalSection
	GlobalSection(SolutionProperties) = preSolution
		HideSolutionNode = FALSE
	EndGlobalSection
	GlobalSection(ExtensibilityGlobals) = postSolution
		SolutionGuid = {5B62EC0F-72C5-4322-A50F-74FF069CDEBE}
	EndGlobalSection
EndGlobal
